// !$*UTF8*$!
{
	archiveVersion = 1;
	classes = {
	};
	objectVersion = 50;
	objects = {

/* Begin PBXBuildFile section */
		E00CA5F4216EE90600C58560 /* AppDelegate.swift in Sources */ = {isa = PBXBuildFile; fileRef = E00CA5F3216EE90600C58560 /* AppDelegate.swift */; };
		E00CA5F6216EE90600C58560 /* ViewController.swift in Sources */ = {isa = PBXBuildFile; fileRef = E00CA5F5216EE90600C58560 /* ViewController.swift */; };
		E00CA5F9216EE90600C58560 /* Main.storyboard in Resources */ = {isa = PBXBuildFile; fileRef = E00CA5F7216EE90600C58560 /* Main.storyboard */; };
		E00CA5FB216EE90700C58560 /* Assets.xcassets in Resources */ = {isa = PBXBuildFile; fileRef = E00CA5FA216EE90700C58560 /* Assets.xcassets */; };
		E00CA5FE216EE90700C58560 /* LaunchScreen.storyboard in Resources */ = {isa = PBXBuildFile; fileRef = E00CA5FC216EE90700C58560 /* LaunchScreen.storyboard */; };
		E00CA606216EE93A00C58560 /* MyModel.mlmodel in Sources */ = {isa = PBXBuildFile; fileRef = E00CA605216EE93A00C58560 /* MyModel.mlmodel */; };
/* End PBXBuildFile section */

/* Begin PBXFileReference section */
		E00CA5F0216EE90600C58560 /* iOS test for balance forecasting.app */ = {isa = PBXFileReference; explicitFileType = wrapper.application; includeInIndex = 0; path = "iOS test for balance forecasting.app"; sourceTree = BUILT_PRODUCTS_DIR; };
		E00CA5F3216EE90600C58560 /* AppDelegate.swift */ = {isa = PBXFileReference; lastKnownFileType = sourcecode.swift; path = AppDelegate.swift; sourceTree = "<group>"; };
		E00CA5F5216EE90600C58560 /* ViewController.swift */ = {isa = PBXFileReference; lastKnownFileType = sourcecode.swift; path = ViewController.swift; sourceTree = "<group>"; };
		E00CA5F8216EE90600C58560 /* Base */ = {isa = PBXFileReference; lastKnownFileType = file.storyboard; name = Base; path = Base.lproj/Main.storyboard; sourceTree = "<group>"; };
		E00CA5FA216EE90700C58560 /* Assets.xcassets */ = {isa = PBXFileReference; lastKnownFileType = folder.assetcatalog; path = Assets.xcassets; sourceTree = "<group>"; };
		E00CA5FD216EE90700C58560 /* Base */ = {isa = PBXFileReference; lastKnownFileType = file.storyboard; name = Base; path = Base.lproj/LaunchScreen.storyboard; sourceTree = "<group>"; };
		E00CA5FF216EE90700C58560 /* Info.plist */ = {isa = PBXFileReference; lastKnownFileType = text.plist.xml; path = Info.plist; sourceTree = "<group>"; };
		E00CA605216EE93A00C58560 /* MyModel.mlmodel */ = {isa = PBXFileReference; lastKnownFileType = file.mlmodel; name = MyModel.mlmodel; path = ../../MyModel.mlmodel; sourceTree = "<group>"; };
/* End PBXFileReference section */

/* Begin PBXFrameworksBuildPhase section */
		E00CA5ED216EE90600C58560 /* Frameworks */ = {
			isa = PBXFrameworksBuildPhase;
			buildActionMask = 2147483647;
			files = (
			);
			runOnlyForDeploymentPostprocessing = 0;
		};
/* End PBXFrameworksBuildPhase section */

/* Begin PBXGroup section */
		E00CA5E7216EE90600C58560 = {
			isa = PBXGroup;
			children = (
				E00CA5F2216EE90600C58560 /* iOS test for balance forecasting */,
				E00CA5F1216EE90600C58560 /* Products */,
			);
			sourceTree = "<group>";
		};
		E00CA5F1216EE90600C58560 /* Products */ = {
			isa = PBXGroup;
			children = (
				E00CA5F0216EE90600C58560 /* iOS test for balance forecasting.app */,
			);
			name = Products;
			sourceTree = "<group>";
		};
		E00CA5F2216EE90600C58560 /* iOS test for balance forecasting */ = {
			isa = PBXGroup;
			children = (
				E00CA605216EE93A00C58560 /* MyModel.mlmodel */,
				E00CA5F3216EE90600C58560 /* AppDelegate.swift */,
				E00CA5F5216EE90600C58560 /* ViewController.swift */,
				E00CA5F7216EE90600C58560 /* Main.storyboard */,
				E00CA5FA216EE90700C58560 /* Assets.xcassets */,
				E00CA5FC216EE90700C58560 /* LaunchScreen.storyboard */,
				E00CA5FF216EE90700C58560 /* Info.plist */,
			);
			path = "iOS test for balance forecasting";
			sourceTree = "<group>";
		};
/* End PBXGroup section */

/* Begin PBXNativeTarget section */
		E00CA5EF216EE90600C58560 /* iOS test for balance forecasting */ = {
			isa = PBXNativeTarget;
			buildConfigurationList = E00CA602216EE90700C58560 /* Build configuration list for PBXNativeTarget "iOS test for balance forecasting" */;
			buildPhases = (
				E00CA5EC216EE90600C58560 /* Sources */,
				E00CA5ED216EE90600C58560 /* Frameworks */,
				E00CA5EE216EE90600C58560 /* Resources */,
			);
			buildRules = (
			);
			dependencies = (
			);
			name = "iOS test for balance forecasting";
			productName = "iOS test for balance forecasting";
			productReference = E00CA5F0216EE90600C58560 /* iOS test for balance forecasting.app */;
			productType = "com.apple.product-type.application";
		};
/* End PBXNativeTarget section */

/* Begin PBXProject section */
		E00CA5E8216EE90600C58560 /* Project object */ = {
			isa = PBXProject;
			attributes = {
				LastSwiftUpdateCheck = 1000;
				LastUpgradeCheck = 1000;
				ORGANIZATIONNAME = "viral patel";
				TargetAttributes = {
					E00CA5EF216EE90600C58560 = {
						CreatedOnToolsVersion = 10.0;
					};
				};
			};
			buildConfigurationList = E00CA5EB216EE90600C58560 /* Build configuration list for PBXProject "iOS test for balance forecasting" */;
			compatibilityVersion = "Xcode 9.3";
			developmentRegion = en;
			hasScannedForEncodings = 0;
			knownRegions = (
				en,
				Base,
			);
			mainGroup = E00CA5E7216EE90600C58560;
			productRefGroup = E00CA5F1216EE90600C58560 /* Products */;
			projectDirPath = "";
			projectRoot = "";
			targets = (
				E00CA5EF216EE90600C58560 /* iOS test for balance forecasting */,
			);
		};
/* End PBXProject section */

/* Begin PBXResourcesBuildPhase section */
		E00CA5EE216EE90600C58560 /* Resources */ = {
			isa = PBXResourcesBuildPhase;
			buildActionMask = 2147483647;
			files = (
				E00CA5FE216EE90700C58560 /* LaunchScreen.storyboard in Resources */,
				E00CA5FB216EE90700C58560 /* Assets.xcassets in Resources */,
				E00CA5F9216EE90600C58560 /* Main.storyboard in Resources */,
			);
			runOnlyForDeploymentPostprocessing = 0;
		};
/* End PBXResourcesBuildPhase section */

/* Begin PBXSourcesBuildPhase section */
		E00CA5EC216EE90600C58560 /* Sources */ = {
			isa = PBXSourcesBuildPhase;
			buildActionMask = 2147483647;
			files = (
				E00CA606216EE93A00C58560 /* MyModel.mlmodel in Sources */,
				E00CA5F6216EE90600C58560 /* ViewController.swift in Sources */,
				E00CA5F4216EE90600C58560 /* AppDelegate.swift in Sources */,
			);
			runOnlyForDeploymentPostprocessing = 0;
		};
/* End PBXSourcesBuildPhase section */

/* Begin PBXVariantGroup section */
		E00CA5F7216EE90600C58560 /* Main.storyboard */ = {
			isa = PBXVariantGroup;
			children = (
				E00CA5F8216EE90600C58560 /* Base */,
			);
			name = Main.storyboard;
			sourceTree = "<group>";
		};
		E00CA5FC216EE90700C58560 /* LaunchScreen.storyboard */ = {
			isa = PBXVariantGroup;
			children = (
				E00CA5FD216EE90700C58560 /* Base */,
			);
			name = LaunchScreen.storyboard;
			sourceTree = "<group>";
		};
/* End PBXVariantGroup section */

/* Begin XCBuildConfiguration section */
		E00CA600216EE90700C58560 /* Debug */ = {
			isa = XCBuildConfiguration;
			buildSettings = {
				ALWAYS_SEARCH_USER_PATHS = NO;
				CLANG_ANALYZER_NONNULL = YES;
				CLANG_ANALYZER_NUMBER_OBJECT_CONVERSION = YES_AGGRESSIVE;
				CLANG_CXX_LANGUAGE_STANDARD = "gnu++14";
				CLANG_CXX_LIBRARY = "libc++";
				CLANG_ENABLE_MODULES = YES;
				CLANG_ENABLE_OBJC_ARC = YES;
				CLANG_ENABLE_OBJC_WEAK = YES;
				CLANG_WARN_BLOCK_CAPTURE_AUTORELEASING = YES;
				CLANG_WARN_BOOL_CONVERSION = YES;
				CLANG_WARN_COMMA = YES;
				CLANG_WARN_CONSTANT_CONVERSION = YES;
				CLANG_WARN_DEPRECATED_OBJC_IMPLEMENTATIONS = YES;
				CLANG_WARN_DIRECT_OBJC_ISA_USAGE = YES_ERROR;
				CLANG_WARN_DOCUMENTATION_COMMENTS = YES;
				CLANG_WARN_EMPTY_BODY = YES;
				CLANG_WARN_ENUM_CONVERSION = YES;
				CLANG_WARN_INFINITE_RECURSION = YES;
				CLANG_WARN_INT_CONVERSION = YES;
				CLANG_WARN_NON_LITERAL_NULL_CONVERSION = YES;
				CLANG_WARN_OBJC_IMPLICIT_RETAIN_SELF = YES;
				CLANG_WARN_OBJC_LITERAL_CONVERSION = YES;
				CLANG_WARN_OBJC_ROOT_CLASS = YES_ERROR;
				CLANG_WARN_RANGE_LOOP_ANALYSIS = YES;
				CLANG_WARN_STRICT_PROTOTYPES = YES;
				CLANG_WARN_SUSPICIOUS_MOVE = YES;
				CLANG_WARN_UNGUARDED_AVAILABILITY = YES_AGGRESSIVE;
				CLANG_WARN_UNREACHABLE_CODE = YES;
				CLANG_WARN__DUPLICATE_METHOD_MATCH = YES;
				CODE_SIGN_IDENTITY = "iPhone Developer";
				COPY_PHASE_STRIP = NO;
				DEBUG_INFORMATION_FORMAT = dwarf;
				ENABLE_STRICT_OBJC_MSGSEND = YES;
				ENABLE_TESTABILITY = YES;
				GCC_C_LANGUAGE_STANDARD = gnu11;
				GCC_DYNAMIC_NO_PIC = NO;
				GCC_NO_COMMON_BLOCKS = YES;
				GCC_OPTIMIZATION_LEVEL = 0;
				GCC_PREPROCESSOR_DEFINITIONS = (
					"DEBUG=1",
					"$(inherited)",
				);
				GCC_WARN_64_TO_32_BIT_CONVERSION = YES;
				GCC_WARN_ABOUT_RETURN_TYPE = YES_ERROR;
				GCC_WARN_UNDECLARED_SELECTOR = YES;
				GCC_WARN_UNINITIALIZED_AUTOS = YES_AGGRESSIVE;
				GCC_WARN_UNUSED_FUNCTION = YES;
				GCC_WARN_UNUSED_VARIABLE = YES;
				IPHONEOS_DEPLOYMENT_TARGET = 12.0;
				MTL_ENABLE_DEBUG_INFO = INCLUDE_SOURCE;
				MTL_FAST_MATH = YES;
				ONLY_ACTIVE_ARCH = YES;
				SDKROOT = iphoneos;
				SWIFT_ACTIVE_COMPILATION_CONDITIONS = DEBUG;
				SWIFT_OPTIMIZATION_LEVEL = "-Onone";
			};
			name = Debug;
		};
		E00CA601216EE90700C58560 /* Release */ = {
			isa = XCBuildConfiguration;
			buildSettings = {
				ALWAYS_SEARCH_USER_PATHS = NO;
				CLANG_ANALYZER_NONNULL = YES;
				CLANG_ANALYZER_NUMBER_OBJECT_CONVERSION = YES_AGGRESSIVE;
				CLANG_CXX_LANGUAGE_STANDARD = "gnu++14";
				CLANG_CXX_LIBRARY = "libc++";
				CLANG_ENABLE_MODULES = YES;
				CLANG_ENABLE_OBJC_ARC = YES;
				CLANG_ENABLE_OBJC_WEAK = YES;
				CLANG_WARN_BLOCK_CAPTURE_AUTORELEASING = YES;
				CLANG_WARN_BOOL_CONVERSION = YES;
				CLANG_WARN_COMMA = YES;
				CLANG_WARN_CONSTANT_CONVERSION = YES;
				CLANG_WARN_DEPRECATED_OBJC_IMPLEMENTATIONS = YES;
				CLANG_WARN_DIRECT_OBJC_ISA_USAGE = YES_ERROR;
				CLANG_WARN_DOCUMENTATION_COMMENTS = YES;
				CLANG_WARN_EMPTY_BODY = YES;
				CLANG_WARN_ENUM_CONVERSION = YES;
				CLANG_WARN_INFINITE_RECURSION = YES;
				CLANG_WARN_INT_CONVERSION = YES;
				CLANG_WARN_NON_LITERAL_NULL_CONVERSION = YES;
				CLANG_WARN_OBJC_IMPLICIT_RETAIN_SELF = YES;
				CLANG_WARN_OBJC_LITERAL_CONVERSION = YES;
				CLANG_WARN_OBJC_ROOT_CLASS = YES_ERROR;
				CLANG_WARN_RANGE_LOOP_ANALYSIS = YES;
				CLANG_WARN_STRICT_PROTOTYPES = YES;
				CLANG_WARN_SUSPICIOUS_MOVE = YES;
				CLANG_WARN_UNGUARDED_AVAILABILITY = YES_AGGRESSIVE;
				CLANG_WARN_UNREACHABLE_CODE = YES;
				CLANG_WARN__DUPLICATE_METHOD_MATCH = YES;
				CODE_SIGN_IDENTITY = "iPhone Developer";
				COPY_PHASE_STRIP = NO;
				DEBUG_INFORMATION_FORMAT = "dwarf-with-dsym";
				ENABLE_NS_ASSERTIONS = NO;
				ENABLE_STRICT_OBJC_MSGSEND = YES;
				GCC_C_LANGUAGE_STANDARD = gnu11;
				GCC_NO_COMMON_BLOCKS = YES;
				GCC_WARN_64_TO_32_BIT_CONVERSION = YES;
				GCC_WARN_ABOUT_RETURN_TYPE = YES_ERROR;
				GCC_WARN_UNDECLARED_SELECTOR = YES;
				GCC_WARN_UNINITIALIZED_AUTOS = YES_AGGRESSIVE;
				GCC_WARN_UNUSED_FUNCTION = YES;
				GCC_WARN_UNUSED_VARIABLE = YES;
				IPHONEOS_DEPLOYMENT_TARGET = 12.0;
				MTL_ENABLE_DEBUG_INFO = NO;
				MTL_FAST_MATH = YES;
				SDKROOT = iphoneos;
				SWIFT_COMPILATION_MODE = wholemodule;
				SWIFT_OPTIMIZATION_LEVEL = "-O";
				VALIDATE_PRODUCT = YES;
			};
			name = Release;
		};
		E00CA603216EE90700C58560 /* Debug */ = {
			isa = XCBuildConfiguration;
			buildSettings = {
				ASSETCATALOG_COMPILER_APPICON_NAME = AppIcon;
				CODE_SIGN_STYLE = Automatic;
				DEVELOPMENT_TEAM = 2V28U9ZD75;
				INFOPLIST_FILE = "iOS test for balance forecasting/Info.plist";
				LD_RUNPATH_SEARCH_PATHS = (
					"$(inherited)",
					"@executable_path/Frameworks",
				);
				PRODUCT_BUNDLE_IDENTIFIER = "com.prediction-balance.iOS-test-for-balance-forecasting";
				PRODUCT_NAME = "$(TARGET_NAME)";
				SWIFT_VERSION = 4.2;
				TARGETED_DEVICE_FAMILY = "1,2";
			};
			name = Debug;
		};
		E00CA604216EE90700C58560 /* Release */ = {
			isa = XCBuildConfiguration;
			buildSettings = {
				ASSETCATALOG_COMPILER_APPICON_NAME = AppIcon;
				CODE_SIGN_STYLE = Automatic;
				DEVELOPMENT_TEAM = 2V28U9ZD75;
				INFOPLIST_FILE = "iOS test for balance forecasting/Info.plist";
				LD_RUNPATH_SEARCH_PATHS = (
					"$(inherited)",
					"@executable_path/Frameworks",
				);
				PRODUCT_BUNDLE_IDENTIFIER = "com.prediction-balance.iOS-test-for-balance-forecasting";
				PRODUCT_NAME = "$(TARGET_NAME)";
				SWIFT_VERSION = 4.2;
				TARGETED_DEVICE_FAMILY = "1,2";
			};
			name = Release;
		};
/* End XCBuildConfiguration section */

/* Begin XCConfigurationList section */
		E00CA5EB216EE90600C58560 /* Build configuration list for PBXProject "iOS test for balance forecasting" */ = {
			isa = XCConfigurationList;
			buildConfigurations = (
				E00CA600216EE90700C58560 /* Debug */,
				E00CA601216EE90700C58560 /* Release */,
			);
			defaultConfigurationIsVisible = 0;
			defaultConfigurationName = Release;
		};
		E00CA602216EE90700C58560 /* Build configuration list for PBXNativeTarget "iOS test for balance forecasting" */ = {
			isa = XCConfigurationList;
			buildConfigurations = (
				E00CA603216EE90700C58560 /* Debug */,
				E00CA604216EE90700C58560 /* Release */,
			);
			defaultConfigurationIsVisible = 0;
			defaultConfigurationName = Release;
		};
/* End XCConfigurationList section */
	};
	rootObject = E00CA5E8216EE90600C58560 /* Project object */;
}
